
Microsoft Visual Studio Solution File, Format Version 12.00
# Visual Studio Version 16
VisualStudioVersion = 16.0.30503.244
MinimumVisualStudioVersion = 10.0.40219.1
Project("{FAE04EC0-301F-11D3-BF4B-00C04F79EFBC}") = "TestingSample.Android", "TestingSample\TestingSample.Android\TestingSample.Android.csproj", "{9655B209-3AC5-4CF5-8D4D-189ED33457C3}"
EndProject
Project("{FAE04EC0-301F-11D3-BF4B-00C04F79EFBC}") = "TestingSample.iOS", "TestingSample\TestingSample.iOS\TestingSample.iOS.csproj", "{A75ADE97-7137-4CAB-9957-75C3B47743B2}"
EndProject
Project("{9A19103F-16F7-4668-BE54-9A1E7A4F7556}") = "TestingSample", "TestingSample\TestingSample\TestingSample.csproj", "{BC8A6DA4-EAC3-45BB-B4F9-C19B20AF2ADA}"
EndProject
Project("{FAE04EC0-301F-11D3-BF4B-00C04F79EFBC}") = "Acceptance Tests", "UITest\Acceptance Tests.csproj", "{329D33FD-BEEA-402E-9840-F8AD40E53616}"
EndProject
Project("{FAE04EC0-301F-11D3-BF4B-00C04F79EFBC}") = "Unit Tests", "Unit Tests\Unit Tests.csproj", "{D949620F-978A-4D55-99FB-D07991763276}"
EndProject
Global
	GlobalSection(SolutionConfigurationPlatforms) = preSolution
		Debug|Any CPU = Debug|Any CPU
		Debug|iPhone = Debug|iPhone
		Debug|iPhoneSimulator = Debug|iPhoneSimulator
		Release|Any CPU = Release|Any CPU
		Release|iPhone = Release|iPhone
		Release|iPhoneSimulator = Release|iPhoneSimulator
	EndGlobalSection
	GlobalSection(ProjectConfigurationPlatforms) = postSolution
		{9655B209-3AC5-4CF5-8D4D-189ED33457C3}.Debug|Any CPU.ActiveCfg = Debug|Any CPU
		{9655B209-3AC5-4CF5-8D4D-189ED33457C3}.Debug|Any CPU.Build.0 = Debug|Any CPU
		{9655B209-3AC5-4CF5-8D4D-189ED33457C3}.Debug|Any CPU.Deploy.0 = Debug|Any CPU
		{9655B209-3AC5-4CF5-8D4D-189ED33457C3}.Debug|iPhone.ActiveCfg = Debug|Any CPU
		{9655B209-3AC5-4CF5-8D4D-189ED33457C3}.Debug|iPhone.Build.0 = Debug|Any CPU
		{9655B209-3AC5-4CF5-8D4D-189ED33457C3}.Debug|iPhone.Deploy.0 = Debug|Any CPU
		{9655B209-3AC5-4CF5-8D4D-189ED33457C3}.Debug|iPhoneSimulator.ActiveCfg = Debug|Any CPU
		{9655B209-3AC5-4CF5-8D4D-189ED33457C3}.Debug|iPhoneSimulator.Build.0 = Debug|Any CPU
		{9655B209-3AC5-4CF5-8D4D-189ED33457C3}.Debug|iPhoneSimulator.Deploy.0 = Debug|Any CPU
		{9655B209-3AC5-4CF5-8D4D-189ED33457C3}.Release|Any CPU.ActiveCfg = Release|Any CPU
		{9655B209-3AC5-4CF5-8D4D-189ED33457C3}.Release|Any CPU.Build.0 = Release|Any CPU
		{9655B209-3AC5-4CF5-8D4D-189ED33457C3}.Release|Any CPU.Deploy.0 = Release|Any CPU
		{9655B209-3AC5-4CF5-8D4D-189ED33457C3}.Release|iPhone.ActiveCfg = Release|Any CPU
		{9655B209-3AC5-4CF5-8D4D-189ED33457C3}.Release|iPhone.Build.0 = Release|Any CPU
		{9655B209-3AC5-4CF5-8D4D-189ED33457C3}.Release|iPhone.Deploy.0 = Release|Any CPU
		{9655B209-3AC5-4CF5-8D4D-189ED33457C3}.Release|iPhoneSimulator.ActiveCfg = Release|Any CPU
		{9655B209-3AC5-4CF5-8D4D-189ED33457C3}.Release|iPhoneSimulator.Build.0 = Release|Any CPU
		{9655B209-3AC5-4CF5-8D4D-189ED33457C3}.Release|iPhoneSimulator.Deploy.0 = Release|Any CPU
		{A75ADE97-7137-4CAB-9957-75C3B47743B2}.Debug|Any CPU.ActiveCfg = Debug|iPhone
		{A75ADE97-7137-4CAB-9957-75C3B47743B2}.Debug|Any CPU.Build.0 = Debug|iPhone
		{A75ADE97-7137-4CAB-9957-75C3B47743B2}.Debug|Any CPU.Deploy.0 = Debug|iPhone
		{A75ADE97-7137-4CAB-9957-75C3B47743B2}.Debug|iPhone.ActiveCfg = Debug|iPhone
		{A75ADE97-7137-4CAB-9957-75C3B47743B2}.Debug|iPhone.Build.0 = Debug|iPhone
		{A75ADE97-7137-4CAB-9957-75C3B47743B2}.Debug|iPhone.Deploy.0 = Debug|iPhone
		{A75ADE97-7137-4CAB-9957-75C3B47743B2}.Debug|iPhoneSimulator.ActiveCfg = Debug|iPhoneSimulator
		{A75ADE97-7137-4CAB-9957-75C3B47743B2}.Debug|iPhoneSimulator.Build.0 = Debug|iPhoneSimulator
		{A75ADE97-7137-4CAB-9957-75C3B47743B2}.Debug|iPhoneSimulator.Deploy.0 = Debug|iPhoneSimulator
		{A75ADE97-7137-4CAB-9957-75C3B47743B2}.Release|Any CPU.ActiveCfg = Release|iPhoneSimulator
		{A75ADE97-7137-4CAB-9957-75C3B47743B2}.Release|Any CPU.Build.0 = Release|iPhoneSimulator
		{A75ADE97-7137-4CAB-9957-75C3B47743B2}.Release|Any CPU.Deploy.0 = Release|iPhoneSimulator
		{A75ADE97-7137-4CAB-9957-75C3B47743B2}.Release|iPhone.ActiveCfg = Release|iPhone
		{A75ADE97-7137-4CAB-9957-75C3B47743B2}.Release|iPhone.Build.0 = Release|iPhone
		{A75ADE97-7137-4CAB-9957-75C3B47743B2}.Release|iPhone.Deploy.0 = Release|iPhone
		{A75ADE97-7137-4CAB-9957-75C3B47743B2}.Release|iPhoneSimulator.ActiveCfg = Release|iPhoneSimulator
		{A75ADE97-7137-4CAB-9957-75C3B47743B2}.Release|iPhoneSimulator.Build.0 = Release|iPhoneSimulator
		{A75ADE97-7137-4CAB-9957-75C3B47743B2}.Release|iPhoneSimulator.Deploy.0 = Release|iPhoneSimulator
		{BC8A6DA4-EAC3-45BB-B4F9-C19B20AF2ADA}.Debug|Any CPU.ActiveCfg = Debug|Any CPU
		{BC8A6DA4-EAC3-45BB-B4F9-C19B20AF2ADA}.Debug|Any CPU.Build.0 = Debug|Any CPU
		{BC8A6DA4-EAC3-45BB-B4F9-C19B20AF2ADA}.Debug|Any CPU.Deploy.0 = Debug|Any CPU
		{BC8A6DA4-EAC3-45BB-B4F9-C19B20AF2ADA}.Debug|iPhone.ActiveCfg = Debug|Any CPU
		{BC8A6DA4-EAC3-45BB-B4F9-C19B20AF2ADA}.Debug|iPhone.Build.0 = Debug|Any CPU
		{BC8A6DA4-EAC3-45BB-B4F9-C19B20AF2ADA}.Debug|iPhone.Deploy.0 = Debug|Any CPU
		{BC8A6DA4-EAC3-45BB-B4F9-C19B20AF2ADA}.Debug|iPhoneSimulator.ActiveCfg = Debug|Any CPU
		{BC8A6DA4-EAC3-45BB-B4F9-C19B20AF2ADA}.Debug|iPhoneSimulator.Build.0 = Debug|Any CPU
		{BC8A6DA4-EAC3-45BB-B4F9-C19B20AF2ADA}.Debug|iPhoneSimulator.Deploy.0 = Debug|Any CPU
		{BC8A6DA4-EAC3-45BB-B4F9-C19B20AF2ADA}.Release|Any CPU.ActiveCfg = Release|Any CPU
		{BC8A6DA4-EAC3-45BB-B4F9-C19B20AF2ADA}.Release|Any CPU.Build.0 = Release|Any CPU
		{BC8A6DA4-EAC3-45BB-B4F9-C19B20AF2ADA}.Release|Any CPU.Deploy.0 = Release|Any CPU
		{BC8A6DA4-EAC3-45BB-B4F9-C19B20AF2ADA}.Release|iPhone.ActiveCfg = Release|Any CPU
		{BC8A6DA4-EAC3-45BB-B4F9-C19B20AF2ADA}.Release|iPhone.Build.0 = Release|Any CPU
		{BC8A6DA4-EAC3-45BB-B4F9-C19B20AF2ADA}.Release|iPhone.Deploy.0 = Release|Any CPU
		{BC8A6DA4-EAC3-45BB-B4F9-C19B20AF2ADA}.Release|iPhoneSimulator.ActiveCfg = Release|Any CPU
		{BC8A6DA4-EAC3-45BB-B4F9-C19B20AF2ADA}.Release|iPhoneSimulator.Build.0 = Release|Any CPU
		{BC8A6DA4-EAC3-45BB-B4F9-C19B20AF2ADA}.Release|iPhoneSimulator.Deploy.0 = Release|Any CPU
		{329D33FD-BEEA-402E-9840-F8AD40E53616}.Debug|Any CPU.ActiveCfg = Debug|Any CPU
		{329D33FD-BEEA-402E-9840-F8AD40E53616}.Debug|Any CPU.Build.0 = Debug|Any CPU
		{329D33FD-BEEA-402E-9840-F8AD40E53616}.Debug|iPhone.ActiveCfg = Debug|Any CPU
		{329D33FD-BEEA-402E-9840-F8AD40E53616}.Debug|iPhone.Build.0 = Debug|Any CPU
		{329D33FD-BEEA-402E-9840-F8AD40E53616}.Debug|iPhoneSimulator.ActiveCfg = Debug|Any CPU
		{329D33FD-BEEA-402E-9840-F8AD40E53616}.Debug|iPhoneSimulator.Build.0 = Debug|Any CPU
		{329D33FD-BEEA-402E-9840-F8AD40E53616}.Release|Any CPU.ActiveCfg = Release|Any CPU
		{329D33FD-BEEA-402E-9840-F8AD40E53616}.Release|Any CPU.Build.0 = Release|Any CPU
		{329D33FD-BEEA-402E-9840-F8AD40E53616}.Release|iPhone.ActiveCfg = Release|Any CPU
		{329D33FD-BEEA-402E-9840-F8AD40E53616}.Release|iPhone.Build.0 = Release|Any CPU
		{329D33FD-BEEA-402E-9840-F8AD40E53616}.Release|iPhoneSimulator.ActiveCfg = Release|Any CPU
		{329D33FD-BEEA-402E-9840-F8AD40E53616}.Release|iPhoneSimulator.Build.0 = Release|Any CPU
		{D949620F-978A-4D55-99FB-D07991763276}.Debug|Any CPU.ActiveCfg = Debug|Any CPU
		{D949620F-978A-4D55-99FB-D07991763276}.Debug|Any CPU.Build.0 = Debug|Any CPU
		{D949620F-978A-4D55-99FB-D07991763276}.Debug|iPhone.ActiveCfg = Debug|Any CPU
		{D949620F-978A-4D55-99FB-D07991763276}.Debug|iPhone.Build.0 = Debug|Any CPU
		{D949620F-978A-4D55-99FB-D07991763276}.Debug|iPhoneSimulator.ActiveCfg = Debug|Any CPU
		{D949620F-978A-4D55-99FB-D07991763276}.Debug|iPhoneSimulator.Build.0 = Debug|Any CPU
		{D949620F-978A-4D55-99FB-D07991763276}.Release|Any CPU.ActiveCfg = Release|Any CPU
		{D949620F-978A-4D55-99FB-D07991763276}.Release|Any CPU.Build.0 = Release|Any CPU
		{D949620F-978A-4D55-99FB-D07991763276}.Release|iPhone.ActiveCfg = Release|Any CPU
		{D949620F-978A-4D55-99FB-D07991763276}.Release|iPhone.Build.0 = Release|Any CPU
		{D949620F-978A-4D55-99FB-D07991763276}.Release|iPhoneSimulator.ActiveCfg = Release|Any CPU
		{D949620F-978A-4D55-99FB-D07991763276}.Release|iPhoneSimulator.Build.0 = Release|Any CPU
	EndGlobalSection
	GlobalSection(SolutionProperties) = preSolution
		HideSolutionNode = FALSE
	EndGlobalSection
	GlobalSection(ExtensibilityGlobals) = postSolution
		SolutionGuid = {9AE31A83-98A0-4210-B8C9-E8049321DD30}
	EndGlobalSection
EndGlobal
